
Microsoft Visual Studio Solution File, Format Version 12.00
# Visual Studio 15
VisualStudioVersion = 15.0.26124.0
MinimumVisualStudioVersion = 15.0.26124.0
Project("{2150E333-8FDC-42A3-9474-1A3956D46DE8}") = "src", "src", "{2BB620FC-750A-4F99-AB2D-F1194A7B9ECA}"
EndProject
Project("{FAE04EC0-301F-11D3-BF4B-00C04F79EFBC}") = "IdpServer", "src\idp\IdpServer.csproj", "{B2A9FF37-EEA2-439F-88B0-1EDA40F92565}"
EndProject
Project("{2150E333-8FDC-42A3-9474-1A3956D46DE8}") = "web", "web", "{39F7932A-62A8-4706-80F7-9BB0A125E7F5}"
EndProject
Project("{FAE04EC0-301F-11D3-BF4B-00C04F79EFBC}") = "MyShop", "src\web\MyShop\MyShop.csproj", "{EEB936FB-DD08-4717-B067-858DD256FCD9}"
EndProject
Project("{2150E333-8FDC-42A3-9474-1A3956D46DE8}") = "api", "api", "{B0860B88-3CFA-4D4B-87CE-200F743F1A3C}"
EndProject
Project("{FAE04EC0-301F-11D3-BF4B-00C04F79EFBC}") = "product-service", "src\api\product-service\AmazingShop.Product.Api\AmazingShop.Product.Api.csproj", "{12DD3C10-A27B-4114-8E1B-01C33DB0A66C}"
EndProject
Project("{2150E333-8FDC-42A3-9474-1A3956D46DE8}") = "product-service", "product-service", "{4A799601-335E-43CC-BAE2-DF5548014668}"
EndProject
Project("{FAE04EC0-301F-11D3-BF4B-00C04F79EFBC}") = "AmazingShop.Product.Application", "src\api\product-service\AmazingShop.Product.Application\AmazingShop.Product.Application.csproj", "{DF1CA3DB-8712-4F69-8D22-4DC5395AC0C6}"
EndProject
Project("{FAE04EC0-301F-11D3-BF4B-00C04F79EFBC}") = "AmazingShop.Product.Domain", "src\api\product-service\AmazingShop.Product.Domain\AmazingShop.Product.Domain.csproj", "{249E5C82-A039-4172-B3B7-465FBC85077A}"
EndProject
Project("{FAE04EC0-301F-11D3-BF4B-00C04F79EFBC}") = "AmazingShop.Product.Infrastructure", "src\api\product-service\AmazingShop.Product.Infrastructure\AmazingShop.Product.Infrastructure.csproj", "{E9EB6C06-55CB-416E-94B6-B3516E1F451A}"
EndProject
Project("{FAE04EC0-301F-11D3-BF4B-00C04F79EFBC}") = "AmazingShop.Product.Persistence", "src\api\product-service\AmazingShop.Product.Persistence\AmazingShop.Product.Persistence.csproj", "{2E518007-A9D8-4DD8-8E51-97236FC05D72}"
EndProject
Global
	GlobalSection(SolutionConfigurationPlatforms) = preSolution
		Debug|Any CPU = Debug|Any CPU
		Debug|x64 = Debug|x64
		Debug|x86 = Debug|x86
		Release|Any CPU = Release|Any CPU
		Release|x64 = Release|x64
		Release|x86 = Release|x86
	EndGlobalSection
	GlobalSection(SolutionProperties) = preSolution
		HideSolutionNode = FALSE
	EndGlobalSection
	GlobalSection(ProjectConfigurationPlatforms) = postSolution
		{B2A9FF37-EEA2-439F-88B0-1EDA40F92565}.Debug|Any CPU.ActiveCfg = Debug|Any CPU
		{B2A9FF37-EEA2-439F-88B0-1EDA40F92565}.Debug|Any CPU.Build.0 = Debug|Any CPU
		{B2A9FF37-EEA2-439F-88B0-1EDA40F92565}.Debug|x64.ActiveCfg = Debug|Any CPU
		{B2A9FF37-EEA2-439F-88B0-1EDA40F92565}.Debug|x64.Build.0 = Debug|Any CPU
		{B2A9FF37-EEA2-439F-88B0-1EDA40F92565}.Debug|x86.ActiveCfg = Debug|Any CPU
		{B2A9FF37-EEA2-439F-88B0-1EDA40F92565}.Debug|x86.Build.0 = Debug|Any CPU
		{B2A9FF37-EEA2-439F-88B0-1EDA40F92565}.Release|Any CPU.ActiveCfg = Release|Any CPU
		{B2A9FF37-EEA2-439F-88B0-1EDA40F92565}.Release|Any CPU.Build.0 = Release|Any CPU
		{B2A9FF37-EEA2-439F-88B0-1EDA40F92565}.Release|x64.ActiveCfg = Release|Any CPU
		{B2A9FF37-EEA2-439F-88B0-1EDA40F92565}.Release|x64.Build.0 = Release|Any CPU
		{B2A9FF37-EEA2-439F-88B0-1EDA40F92565}.Release|x86.ActiveCfg = Release|Any CPU
		{B2A9FF37-EEA2-439F-88B0-1EDA40F92565}.Release|x86.Build.0 = Release|Any CPU
		{EEB936FB-DD08-4717-B067-858DD256FCD9}.Debug|Any CPU.ActiveCfg = Debug|Any CPU
		{EEB936FB-DD08-4717-B067-858DD256FCD9}.Debug|Any CPU.Build.0 = Debug|Any CPU
		{EEB936FB-DD08-4717-B067-858DD256FCD9}.Debug|x64.ActiveCfg = Debug|Any CPU
		{EEB936FB-DD08-4717-B067-858DD256FCD9}.Debug|x64.Build.0 = Debug|Any CPU
		{EEB936FB-DD08-4717-B067-858DD256FCD9}.Debug|x86.ActiveCfg = Debug|Any CPU
		{EEB936FB-DD08-4717-B067-858DD256FCD9}.Debug|x86.Build.0 = Debug|Any CPU
		{EEB936FB-DD08-4717-B067-858DD256FCD9}.Release|Any CPU.ActiveCfg = Release|Any CPU
		{EEB936FB-DD08-4717-B067-858DD256FCD9}.Release|Any CPU.Build.0 = Release|Any CPU
		{EEB936FB-DD08-4717-B067-858DD256FCD9}.Release|x64.ActiveCfg = Release|Any CPU
		{EEB936FB-DD08-4717-B067-858DD256FCD9}.Release|x64.Build.0 = Release|Any CPU
		{EEB936FB-DD08-4717-B067-858DD256FCD9}.Release|x86.ActiveCfg = Release|Any CPU
		{EEB936FB-DD08-4717-B067-858DD256FCD9}.Release|x86.Build.0 = Release|Any CPU
		{12DD3C10-A27B-4114-8E1B-01C33DB0A66C}.Debug|Any CPU.ActiveCfg = Debug|Any CPU
		{12DD3C10-A27B-4114-8E1B-01C33DB0A66C}.Debug|Any CPU.Build.0 = Debug|Any CPU
		{12DD3C10-A27B-4114-8E1B-01C33DB0A66C}.Debug|x64.ActiveCfg = Debug|Any CPU
		{12DD3C10-A27B-4114-8E1B-01C33DB0A66C}.Debug|x64.Build.0 = Debug|Any CPU
		{12DD3C10-A27B-4114-8E1B-01C33DB0A66C}.Debug|x86.ActiveCfg = Debug|Any CPU
		{12DD3C10-A27B-4114-8E1B-01C33DB0A66C}.Debug|x86.Build.0 = Debug|Any CPU
		{12DD3C10-A27B-4114-8E1B-01C33DB0A66C}.Release|Any CPU.ActiveCfg = Release|Any CPU
		{12DD3C10-A27B-4114-8E1B-01C33DB0A66C}.Release|Any CPU.Build.0 = Release|Any CPU
		{12DD3C10-A27B-4114-8E1B-01C33DB0A66C}.Release|x64.ActiveCfg = Release|Any CPU
		{12DD3C10-A27B-4114-8E1B-01C33DB0A66C}.Release|x64.Build.0 = Release|Any CPU
		{12DD3C10-A27B-4114-8E1B-01C33DB0A66C}.Release|x86.ActiveCfg = Release|Any CPU
		{12DD3C10-A27B-4114-8E1B-01C33DB0A66C}.Release|x86.Build.0 = Release|Any CPU
		{DF1CA3DB-8712-4F69-8D22-4DC5395AC0C6}.Debug|Any CPU.ActiveCfg = Debug|Any CPU
		{DF1CA3DB-8712-4F69-8D22-4DC5395AC0C6}.Debug|Any CPU.Build.0 = Debug|Any CPU
		{DF1CA3DB-8712-4F69-8D22-4DC5395AC0C6}.Debug|x64.ActiveCfg = Debug|Any CPU
		{DF1CA3DB-8712-4F69-8D22-4DC5395AC0C6}.Debug|x64.Build.0 = Debug|Any CPU
		{DF1CA3DB-8712-4F69-8D22-4DC5395AC0C6}.Debug|x86.ActiveCfg = Debug|Any CPU
		{DF1CA3DB-8712-4F69-8D22-4DC5395AC0C6}.Debug|x86.Build.0 = Debug|Any CPU
		{DF1CA3DB-8712-4F69-8D22-4DC5395AC0C6}.Release|Any CPU.ActiveCfg = Release|Any CPU
		{DF1CA3DB-8712-4F69-8D22-4DC5395AC0C6}.Release|Any CPU.Build.0 = Release|Any CPU
		{DF1CA3DB-8712-4F69-8D22-4DC5395AC0C6}.Release|x64.ActiveCfg = Release|Any CPU
		{DF1CA3DB-8712-4F69-8D22-4DC5395AC0C6}.Release|x64.Build.0 = Release|Any CPU
		{DF1CA3DB-8712-4F69-8D22-4DC5395AC0C6}.Release|x86.ActiveCfg = Release|Any CPU
		{DF1CA3DB-8712-4F69-8D22-4DC5395AC0C6}.Release|x86.Build.0 = Release|Any CPU
		{249E5C82-A039-4172-B3B7-465FBC85077A}.Debug|Any CPU.ActiveCfg = Debug|Any CPU
		{249E5C82-A039-4172-B3B7-465FBC85077A}.Debug|Any CPU.Build.0 = Debug|Any CPU
		{249E5C82-A039-4172-B3B7-465FBC85077A}.Debug|x64.ActiveCfg = Debug|Any CPU
		{249E5C82-A039-4172-B3B7-465FBC85077A}.Debug|x64.Build.0 = Debug|Any CPU
		{249E5C82-A039-4172-B3B7-465FBC85077A}.Debug|x86.ActiveCfg = Debug|Any CPU
		{249E5C82-A039-4172-B3B7-465FBC85077A}.Debug|x86.Build.0 = Debug|Any CPU
		{249E5C82-A039-4172-B3B7-465FBC85077A}.Release|Any CPU.ActiveCfg = Release|Any CPU
		{249E5C82-A039-4172-B3B7-465FBC85077A}.Release|Any CPU.Build.0 = Release|Any CPU
		{249E5C82-A039-4172-B3B7-465FBC85077A}.Release|x64.ActiveCfg = Release|Any CPU
		{249E5C82-A039-4172-B3B7-465FBC85077A}.Release|x64.Build.0 = Release|Any CPU
		{249E5C82-A039-4172-B3B7-465FBC85077A}.Release|x86.ActiveCfg = Release|Any CPU
		{249E5C82-A039-4172-B3B7-465FBC85077A}.Release|x86.Build.0 = Release|Any CPU
		{E9EB6C06-55CB-416E-94B6-B3516E1F451A}.Debug|Any CPU.ActiveCfg = Debug|Any CPU
		{E9EB6C06-55CB-416E-94B6-B3516E1F451A}.Debug|Any CPU.Build.0 = Debug|Any CPU
		{E9EB6C06-55CB-416E-94B6-B3516E1F451A}.Debug|x64.ActiveCfg = Debug|Any CPU
		{E9EB6C06-55CB-416E-94B6-B3516E1F451A}.Debug|x64.Build.0 = Debug|Any CPU
		{E9EB6C06-55CB-416E-94B6-B3516E1F451A}.Debug|x86.ActiveCfg = Debug|Any CPU
		{E9EB6C06-55CB-416E-94B6-B3516E1F451A}.Debug|x86.Build.0 = Debug|Any CPU
		{E9EB6C06-55CB-416E-94B6-B3516E1F451A}.Release|Any CPU.ActiveCfg = Release|Any CPU
		{E9EB6C06-55CB-416E-94B6-B3516E1F451A}.Release|Any CPU.Build.0 = Release|Any CPU
		{E9EB6C06-55CB-416E-94B6-B3516E1F451A}.Release|x64.ActiveCfg = Release|Any CPU
		{E9EB6C06-55CB-416E-94B6-B3516E1F451A}.Release|x64.Build.0 = Release|Any CPU
		{E9EB6C06-55CB-416E-94B6-B3516E1F451A}.Release|x86.ActiveCfg = Release|Any CPU
		{E9EB6C06-55CB-416E-94B6-B3516E1F451A}.Release|x86.Build.0 = Release|Any CPU
		{2E518007-A9D8-4DD8-8E51-97236FC05D72}.Debug|Any CPU.ActiveCfg = Debug|Any CPU
		{2E518007-A9D8-4DD8-8E51-97236FC05D72}.Debug|Any CPU.Build.0 = Debug|Any CPU
		{2E518007-A9D8-4DD8-8E51-97236FC05D72}.Debug|x64.ActiveCfg = Debug|Any CPU
		{2E518007-A9D8-4DD8-8E51-97236FC05D72}.Debug|x64.Build.0 = Debug|Any CPU
		{2E518007-A9D8-4DD8-8E51-97236FC05D72}.Debug|x86.ActiveCfg = Debug|Any CPU
		{2E518007-A9D8-4DD8-8E51-97236FC05D72}.Debug|x86.Build.0 = Debug|Any CPU
		{2E518007-A9D8-4DD8-8E51-97236FC05D72}.Release|Any CPU.ActiveCfg = Release|Any CPU
		{2E518007-A9D8-4DD8-8E51-97236FC05D72}.Release|Any CPU.Build.0 = Release|Any CPU
		{2E518007-A9D8-4DD8-8E51-97236FC05D72}.Release|x64.ActiveCfg = Release|Any CPU
		{2E518007-A9D8-4DD8-8E51-97236FC05D72}.Release|x64.Build.0 = Release|Any CPU
		{2E518007-A9D8-4DD8-8E51-97236FC05D72}.Release|x86.ActiveCfg = Release|Any CPU
		{2E518007-A9D8-4DD8-8E51-97236FC05D72}.Release|x86.Build.0 = Release|Any CPU
	EndGlobalSection
	GlobalSection(NestedProjects) = preSolution
		{B2A9FF37-EEA2-439F-88B0-1EDA40F92565} = {2BB620FC-750A-4F99-AB2D-F1194A7B9ECA}
		{39F7932A-62A8-4706-80F7-9BB0A125E7F5} = {2BB620FC-750A-4F99-AB2D-F1194A7B9ECA}
		{EEB936FB-DD08-4717-B067-858DD256FCD9} = {39F7932A-62A8-4706-80F7-9BB0A125E7F5}
		{B0860B88-3CFA-4D4B-87CE-200F743F1A3C} = {2BB620FC-750A-4F99-AB2D-F1194A7B9ECA}
		{12DD3C10-A27B-4114-8E1B-01C33DB0A66C} = {B0860B88-3CFA-4D4B-87CE-200F743F1A3C}
		{4A799601-335E-43CC-BAE2-DF5548014668} = {B0860B88-3CFA-4D4B-87CE-200F743F1A3C}
		{DF1CA3DB-8712-4F69-8D22-4DC5395AC0C6} = {4A799601-335E-43CC-BAE2-DF5548014668}
		{249E5C82-A039-4172-B3B7-465FBC85077A} = {4A799601-335E-43CC-BAE2-DF5548014668}
		{E9EB6C06-55CB-416E-94B6-B3516E1F451A} = {4A799601-335E-43CC-BAE2-DF5548014668}
		{2E518007-A9D8-4DD8-8E51-97236FC05D72} = {4A799601-335E-43CC-BAE2-DF5548014668}
	EndGlobalSection
EndGlobal
