
Microsoft Visual Studio Solution File, Format Version 12.00
# Visual Studio 15
VisualStudioVersion = 15.0.26124.0
MinimumVisualStudioVersion = 15.0.26124.0
Project("{FAE04EC0-301F-11D3-BF4B-00C04F79EFBC}") = "AmazingShop.Order.Api", "src\AmazingShop.Order.Api\AmazingShop.Order.Api.csproj", "{08B67CEB-F275-4E65-A603-6E93068463E9}"
EndProject
Project("{FAE04EC0-301F-11D3-BF4B-00C04F79EFBC}") = "AmazingShop.Order.Application", "src\AmazingShop.Order.Application\AmazingShop.Order.Application.csproj", "{8602B90F-DD22-4CB3-A358-0CCC88E86DC5}"
EndProject
Project("{FAE04EC0-301F-11D3-BF4B-00C04F79EFBC}") = "AmazingShop.Order.Domain", "src\AmazingShop.Order.Domain\AmazingShop.Order.Domain.csproj", "{0A334899-E75F-4FBE-AABF-05B08A7D9570}"
EndProject
Project("{FAE04EC0-301F-11D3-BF4B-00C04F79EFBC}") = "AmazingShop.Order.Persistence", "src\AmazingShop.Order.Persistence\AmazingShop.Order.Persistence.csproj", "{BA7CFE3D-3D4E-45C7-95BE-A5F1D0A5128D}"
EndProject
Project("{FAE04EC0-301F-11D3-BF4B-00C04F79EFBC}") = "AmazingShop.Function", "function\AmazingShop.Function.csproj", "{89EE95A8-E743-4991-B8DE-2C75C4D5EECA}"
EndProject
Project("{FAE04EC0-301F-11D3-BF4B-00C04F79EFBC}") = "AmazingShop.Shared.Core", "..\..\shared\AmazingShop.Shared.Core\AmazingShop.Shared.Core.csproj", "{843FF37C-A47C-4ED8-BEFE-EDCE3CA64668}"
EndProject
Project("{FAE04EC0-301F-11D3-BF4B-00C04F79EFBC}") = "AmazingShop.Shared.Entity", "..\..\shared\AmazingShop.Shared.Entity\AmazingShop.Shared.Entity.csproj", "{6261B307-89CC-47C2-A535-2136A101AE29}"
EndProject
Project("{2150E333-8FDC-42A3-9474-1A3956D46DE8}") = "test", "test", "{1E67F9DB-249D-485D-8691-7511F470B795}"
EndProject

Global
	GlobalSection(SolutionConfigurationPlatforms) = preSolution
		Debug|Any CPU = Debug|Any CPU
		Debug|x64 = Debug|x64
		Debug|x86 = Debug|x86
		Release|Any CPU = Release|Any CPU
		Release|x64 = Release|x64
		Release|x86 = Release|x86
	EndGlobalSection
	GlobalSection(SolutionProperties) = preSolution
		HideSolutionNode = FALSE
	EndGlobalSection
	GlobalSection(ProjectConfigurationPlatforms) = postSolution
		{08B67CEB-F275-4E65-A603-6E93068463E9}.Debug|Any CPU.ActiveCfg = Debug|Any CPU
		{08B67CEB-F275-4E65-A603-6E93068463E9}.Debug|Any CPU.Build.0 = Debug|Any CPU
		{08B67CEB-F275-4E65-A603-6E93068463E9}.Debug|x64.ActiveCfg = Debug|Any CPU
		{08B67CEB-F275-4E65-A603-6E93068463E9}.Debug|x64.Build.0 = Debug|Any CPU
		{08B67CEB-F275-4E65-A603-6E93068463E9}.Debug|x86.ActiveCfg = Debug|Any CPU
		{08B67CEB-F275-4E65-A603-6E93068463E9}.Debug|x86.Build.0 = Debug|Any CPU
		{08B67CEB-F275-4E65-A603-6E93068463E9}.Release|Any CPU.ActiveCfg = Release|Any CPU
		{08B67CEB-F275-4E65-A603-6E93068463E9}.Release|Any CPU.Build.0 = Release|Any CPU
		{08B67CEB-F275-4E65-A603-6E93068463E9}.Release|x64.ActiveCfg = Release|Any CPU
		{08B67CEB-F275-4E65-A603-6E93068463E9}.Release|x64.Build.0 = Release|Any CPU
		{08B67CEB-F275-4E65-A603-6E93068463E9}.Release|x86.ActiveCfg = Release|Any CPU
		{08B67CEB-F275-4E65-A603-6E93068463E9}.Release|x86.Build.0 = Release|Any CPU
		{8602B90F-DD22-4CB3-A358-0CCC88E86DC5}.Debug|Any CPU.ActiveCfg = Debug|Any CPU
		{8602B90F-DD22-4CB3-A358-0CCC88E86DC5}.Debug|Any CPU.Build.0 = Debug|Any CPU
		{8602B90F-DD22-4CB3-A358-0CCC88E86DC5}.Debug|x64.ActiveCfg = Debug|Any CPU
		{8602B90F-DD22-4CB3-A358-0CCC88E86DC5}.Debug|x64.Build.0 = Debug|Any CPU
		{8602B90F-DD22-4CB3-A358-0CCC88E86DC5}.Debug|x86.ActiveCfg = Debug|Any CPU
		{8602B90F-DD22-4CB3-A358-0CCC88E86DC5}.Debug|x86.Build.0 = Debug|Any CPU
		{8602B90F-DD22-4CB3-A358-0CCC88E86DC5}.Release|Any CPU.ActiveCfg = Release|Any CPU
		{8602B90F-DD22-4CB3-A358-0CCC88E86DC5}.Release|Any CPU.Build.0 = Release|Any CPU
		{8602B90F-DD22-4CB3-A358-0CCC88E86DC5}.Release|x64.ActiveCfg = Release|Any CPU
		{8602B90F-DD22-4CB3-A358-0CCC88E86DC5}.Release|x64.Build.0 = Release|Any CPU
		{8602B90F-DD22-4CB3-A358-0CCC88E86DC5}.Release|x86.ActiveCfg = Release|Any CPU
		{8602B90F-DD22-4CB3-A358-0CCC88E86DC5}.Release|x86.Build.0 = Release|Any CPU
		{0A334899-E75F-4FBE-AABF-05B08A7D9570}.Debug|Any CPU.ActiveCfg = Debug|Any CPU
		{0A334899-E75F-4FBE-AABF-05B08A7D9570}.Debug|Any CPU.Build.0 = Debug|Any CPU
		{0A334899-E75F-4FBE-AABF-05B08A7D9570}.Debug|x64.ActiveCfg = Debug|Any CPU
		{0A334899-E75F-4FBE-AABF-05B08A7D9570}.Debug|x64.Build.0 = Debug|Any CPU
		{0A334899-E75F-4FBE-AABF-05B08A7D9570}.Debug|x86.ActiveCfg = Debug|Any CPU
		{0A334899-E75F-4FBE-AABF-05B08A7D9570}.Debug|x86.Build.0 = Debug|Any CPU
		{0A334899-E75F-4FBE-AABF-05B08A7D9570}.Release|Any CPU.ActiveCfg = Release|Any CPU
		{0A334899-E75F-4FBE-AABF-05B08A7D9570}.Release|Any CPU.Build.0 = Release|Any CPU
		{0A334899-E75F-4FBE-AABF-05B08A7D9570}.Release|x64.ActiveCfg = Release|Any CPU
		{0A334899-E75F-4FBE-AABF-05B08A7D9570}.Release|x64.Build.0 = Release|Any CPU
		{0A334899-E75F-4FBE-AABF-05B08A7D9570}.Release|x86.ActiveCfg = Release|Any CPU
		{0A334899-E75F-4FBE-AABF-05B08A7D9570}.Release|x86.Build.0 = Release|Any CPU
		{BA7CFE3D-3D4E-45C7-95BE-A5F1D0A5128D}.Debug|Any CPU.ActiveCfg = Debug|Any CPU
		{BA7CFE3D-3D4E-45C7-95BE-A5F1D0A5128D}.Debug|Any CPU.Build.0 = Debug|Any CPU
		{BA7CFE3D-3D4E-45C7-95BE-A5F1D0A5128D}.Debug|x64.ActiveCfg = Debug|Any CPU
		{BA7CFE3D-3D4E-45C7-95BE-A5F1D0A5128D}.Debug|x64.Build.0 = Debug|Any CPU
		{BA7CFE3D-3D4E-45C7-95BE-A5F1D0A5128D}.Debug|x86.ActiveCfg = Debug|Any CPU
		{BA7CFE3D-3D4E-45C7-95BE-A5F1D0A5128D}.Debug|x86.Build.0 = Debug|Any CPU
		{BA7CFE3D-3D4E-45C7-95BE-A5F1D0A5128D}.Release|Any CPU.ActiveCfg = Release|Any CPU
		{BA7CFE3D-3D4E-45C7-95BE-A5F1D0A5128D}.Release|Any CPU.Build.0 = Release|Any CPU
		{BA7CFE3D-3D4E-45C7-95BE-A5F1D0A5128D}.Release|x64.ActiveCfg = Release|Any CPU
		{BA7CFE3D-3D4E-45C7-95BE-A5F1D0A5128D}.Release|x64.Build.0 = Release|Any CPU
		{BA7CFE3D-3D4E-45C7-95BE-A5F1D0A5128D}.Release|x86.ActiveCfg = Release|Any CPU
		{BA7CFE3D-3D4E-45C7-95BE-A5F1D0A5128D}.Release|x86.Build.0 = Release|Any CPU
		{89EE95A8-E743-4991-B8DE-2C75C4D5EECA}.Debug|Any CPU.ActiveCfg = Debug|Any CPU
		{89EE95A8-E743-4991-B8DE-2C75C4D5EECA}.Debug|Any CPU.Build.0 = Debug|Any CPU
		{89EE95A8-E743-4991-B8DE-2C75C4D5EECA}.Debug|x64.ActiveCfg = Debug|Any CPU
		{89EE95A8-E743-4991-B8DE-2C75C4D5EECA}.Debug|x64.Build.0 = Debug|Any CPU
		{89EE95A8-E743-4991-B8DE-2C75C4D5EECA}.Debug|x86.ActiveCfg = Debug|Any CPU
		{89EE95A8-E743-4991-B8DE-2C75C4D5EECA}.Debug|x86.Build.0 = Debug|Any CPU
		{89EE95A8-E743-4991-B8DE-2C75C4D5EECA}.Release|Any CPU.ActiveCfg = Release|Any CPU
		{89EE95A8-E743-4991-B8DE-2C75C4D5EECA}.Release|Any CPU.Build.0 = Release|Any CPU
		{89EE95A8-E743-4991-B8DE-2C75C4D5EECA}.Release|x64.ActiveCfg = Release|Any CPU
		{89EE95A8-E743-4991-B8DE-2C75C4D5EECA}.Release|x64.Build.0 = Release|Any CPU
		{89EE95A8-E743-4991-B8DE-2C75C4D5EECA}.Release|x86.ActiveCfg = Release|Any CPU
		{89EE95A8-E743-4991-B8DE-2C75C4D5EECA}.Release|x86.Build.0 = Release|Any CPU
		{843FF37C-A47C-4ED8-BEFE-EDCE3CA64668}.Debug|Any CPU.ActiveCfg = Debug|Any CPU
		{843FF37C-A47C-4ED8-BEFE-EDCE3CA64668}.Debug|Any CPU.Build.0 = Debug|Any CPU
		{843FF37C-A47C-4ED8-BEFE-EDCE3CA64668}.Debug|x64.ActiveCfg = Debug|Any CPU
		{843FF37C-A47C-4ED8-BEFE-EDCE3CA64668}.Debug|x64.Build.0 = Debug|Any CPU
		{843FF37C-A47C-4ED8-BEFE-EDCE3CA64668}.Debug|x86.ActiveCfg = Debug|Any CPU
		{843FF37C-A47C-4ED8-BEFE-EDCE3CA64668}.Debug|x86.Build.0 = Debug|Any CPU
		{843FF37C-A47C-4ED8-BEFE-EDCE3CA64668}.Release|Any CPU.ActiveCfg = Release|Any CPU
		{843FF37C-A47C-4ED8-BEFE-EDCE3CA64668}.Release|Any CPU.Build.0 = Release|Any CPU
		{843FF37C-A47C-4ED8-BEFE-EDCE3CA64668}.Release|x64.ActiveCfg = Release|Any CPU
		{843FF37C-A47C-4ED8-BEFE-EDCE3CA64668}.Release|x64.Build.0 = Release|Any CPU
		{843FF37C-A47C-4ED8-BEFE-EDCE3CA64668}.Release|x86.ActiveCfg = Release|Any CPU
		{843FF37C-A47C-4ED8-BEFE-EDCE3CA64668}.Release|x86.Build.0 = Release|Any CPU
		{6261B307-89CC-47C2-A535-2136A101AE29}.Debug|Any CPU.ActiveCfg = Debug|Any CPU
		{6261B307-89CC-47C2-A535-2136A101AE29}.Debug|Any CPU.Build.0 = Debug|Any CPU
		{6261B307-89CC-47C2-A535-2136A101AE29}.Debug|x64.ActiveCfg = Debug|Any CPU
		{6261B307-89CC-47C2-A535-2136A101AE29}.Debug|x64.Build.0 = Debug|Any CPU
		{6261B307-89CC-47C2-A535-2136A101AE29}.Debug|x86.ActiveCfg = Debug|Any CPU
		{6261B307-89CC-47C2-A535-2136A101AE29}.Debug|x86.Build.0 = Debug|Any CPU
		{6261B307-89CC-47C2-A535-2136A101AE29}.Release|Any CPU.ActiveCfg = Release|Any CPU
		{6261B307-89CC-47C2-A535-2136A101AE29}.Release|Any CPU.Build.0 = Release|Any CPU
		{6261B307-89CC-47C2-A535-2136A101AE29}.Release|x64.ActiveCfg = Release|Any CPU
		{6261B307-89CC-47C2-A535-2136A101AE29}.Release|x64.Build.0 = Release|Any CPU
		{6261B307-89CC-47C2-A535-2136A101AE29}.Release|x86.ActiveCfg = Release|Any CPU
		{6261B307-89CC-47C2-A535-2136A101AE29}.Release|x86.Build.0 = Release|Any CPU
	EndGlobalSection
EndGlobal
